
Microsoft Visual Studio Solution File, Format Version 12.00
# Visual Studio Version 16
VisualStudioVersion = 16.0.29418.71
MinimumVisualStudioVersion = 10.0.40219.1
Project("{FAE04EC0-301F-11D3-BF4B-00C04F79EFBC}") = "AirTrafficMonitoring", "AirTrafficMonitoring\AirTrafficMonitoring.csproj", "{FBF9D65A-6C3F-4F5A-8AE0-69CF4FE5647B}"
EndProject
Project("{FAE04EC0-301F-11D3-BF4B-00C04F79EFBC}") = "AirTrafficMonitoring_Tester", "AirTrafficMonitoring_Tester\AirTrafficMonitoring_Tester.csproj", "{0D0D0FEB-011D-4AAB-A477-5E1974D7D0AD}"
EndProject
Global
	GlobalSection(SolutionConfigurationPlatforms) = preSolution
		Debug|Any CPU = Debug|Any CPU
		Release|Any CPU = Release|Any CPU
	EndGlobalSection
	GlobalSection(ProjectConfigurationPlatforms) = postSolution
		{FBF9D65A-6C3F-4F5A-8AE0-69CF4FE5647B}.Debug|Any CPU.ActiveCfg = Debug|Any CPU
		{FBF9D65A-6C3F-4F5A-8AE0-69CF4FE5647B}.Debug|Any CPU.Build.0 = Debug|Any CPU
		{FBF9D65A-6C3F-4F5A-8AE0-69CF4FE5647B}.Release|Any CPU.ActiveCfg = Release|Any CPU
		{FBF9D65A-6C3F-4F5A-8AE0-69CF4FE5647B}.Release|Any CPU.Build.0 = Release|Any CPU
		{0D0D0FEB-011D-4AAB-A477-5E1974D7D0AD}.Debug|Any CPU.ActiveCfg = Debug|Any CPU
		{0D0D0FEB-011D-4AAB-A477-5E1974D7D0AD}.Debug|Any CPU.Build.0 = Debug|Any CPU
		{0D0D0FEB-011D-4AAB-A477-5E1974D7D0AD}.Release|Any CPU.ActiveCfg = Release|Any CPU
		{0D0D0FEB-011D-4AAB-A477-5E1974D7D0AD}.Release|Any CPU.Build.0 = Release|Any CPU
	EndGlobalSection
	GlobalSection(SolutionProperties) = preSolution
		HideSolutionNode = FALSE
	EndGlobalSection
	GlobalSection(ExtensibilityGlobals) = postSolution
		SolutionGuid = {FA6E1830-50C2-43AC-B94D-A630360AC460}
	EndGlobalSection
EndGlobal
